
Microsoft Visual Studio Solution File, Format Version 12.00
# Visual Studio Version 17
VisualStudioVersion = 17.2.32630.192
MinimumVisualStudioVersion = 10.0.40219.1
Project("{9A19103F-16F7-4668-BE54-9A1E7A4F7556}") = "Manager", "Manager\Manager.csproj", "{72B64DC6-2B1C-46A2-9E2F-83DD443EECF5}"
EndProject
Global
	GlobalSection(SolutionConfigurationPlatforms) = preSolution
		Debug|Any CPU = Debug|Any CPU
		Release|Any CPU = Release|Any CPU
	EndGlobalSection
	GlobalSection(ProjectConfigurationPlatforms) = postSolution
		{72B64DC6-2B1C-46A2-9E2F-83DD443EECF5}.Debug|Any CPU.ActiveCfg = Debug|Any CPU
		{72B64DC6-2B1C-46A2-9E2F-83DD443EECF5}.Debug|Any CPU.Build.0 = Debug|Any CPU
		{72B64DC6-2B1C-46A2-9E2F-83DD443EECF5}.Release|Any CPU.ActiveCfg = Release|Any CPU
		{72B64DC6-2B1C-46A2-9E2F-83DD443EECF5}.Release|Any CPU.Build.0 = Release|Any CPU
	EndGlobalSection
	GlobalSection(SolutionProperties) = preSolution
		HideSolutionNode = FALSE
	EndGlobalSection
	GlobalSection(ExtensibilityGlobals) = postSolution
		SolutionGuid = {B1969948-C9FE-4A5F-AD38-79F6A8BB964C}
	EndGlobalSection
EndGlobal
